// !$*UTF8*$!
{
	archiveVersion = 1;
	classes = {
	};
	objectVersion = 56;
	objects = {

/* Begin PBXBuildFile section */
		B577F0FE2D6D2BE40064650D /* RickAndMortyExerciseApp.swift in Sources */ = {isa = PBXBuildFile; fileRef = B577F0FD2D6D2BE40064650D /* RickAndMortyExerciseApp.swift */; };
		B577F1002D6D2BE40064650D /* ContentView.swift in Sources */ = {isa = PBXBuildFile; fileRef = B577F0FF2D6D2BE40064650D /* ContentView.swift */; };
		B577F1022D6D2BE70064650D /* Assets.xcassets in Resources */ = {isa = PBXBuildFile; fileRef = B577F1012D6D2BE70064650D /* Assets.xcassets */; };
		B577F1052D6D2BE70064650D /* Preview Assets.xcassets in Resources */ = {isa = PBXBuildFile; fileRef = B577F1042D6D2BE70064650D /* Preview Assets.xcassets */; };
		B577F10F2D6D2BE80064650D /* RickAndMortyExerciseTests.swift in Sources */ = {isa = PBXBuildFile; fileRef = B577F10E2D6D2BE80064650D /* RickAndMortyExerciseTests.swift */; };
		B577F1192D6D2BE80064650D /* RickAndMortyExerciseUITests.swift in Sources */ = {isa = PBXBuildFile; fileRef = B577F1182D6D2BE80064650D /* RickAndMortyExerciseUITests.swift */; };
		B577F11B2D6D2BE80064650D /* RickAndMortyExerciseUITestsLaunchTests.swift in Sources */ = {isa = PBXBuildFile; fileRef = B577F11A2D6D2BE80064650D /* RickAndMortyExerciseUITestsLaunchTests.swift */; };
		B577F1282D6D2C420064650D /* Character.swift in Sources */ = {isa = PBXBuildFile; fileRef = B577F1272D6D2C420064650D /* Character.swift */; };
		B577F12A2D6D2C5C0064650D /* CharacterService.swift in Sources */ = {isa = PBXBuildFile; fileRef = B577F1292D6D2C5C0064650D /* CharacterService.swift */; };
		B577F12C2D6D2C700064650D /* CharacterViewModel.swift in Sources */ = {isa = PBXBuildFile; fileRef = B577F12B2D6D2C700064650D /* CharacterViewModel.swift */; };
		B577F12E2D6D2C880064650D /* SearchBar.swift in Sources */ = {isa = PBXBuildFile; fileRef = B577F12D2D6D2C880064650D /* SearchBar.swift */; };
		B577F1302D6D2C9B0064650D /* CharacterDetailView.swift in Sources */ = {isa = PBXBuildFile; fileRef = B577F12F2D6D2C9B0064650D /* CharacterDetailView.swift */; };
/* End PBXBuildFile section */

/* Begin PBXContainerItemProxy section */
		B577F10B2D6D2BE80064650D /* PBXContainerItemProxy */ = {
			isa = PBXContainerItemProxy;
			containerPortal = B577F0F22D6D2BE30064650D /* Project object */;
			proxyType = 1;
			remoteGlobalIDString = B577F0F92D6D2BE40064650D;
			remoteInfo = RickAndMortyExercise;
		};
		B577F1152D6D2BE80064650D /* PBXContainerItemProxy */ = {
			isa = PBXContainerItemProxy;
			containerPortal = B577F0F22D6D2BE30064650D /* Project object */;
			proxyType = 1;
			remoteGlobalIDString = B577F0F92D6D2BE40064650D;
			remoteInfo = RickAndMortyExercise;
		};
/* End PBXContainerItemProxy section */

/* Begin PBXFileReference section */
		B577F0FA2D6D2BE40064650D /* RickAndMortyExercise.app */ = {isa = PBXFileReference; explicitFileType = wrapper.application; includeInIndex = 0; path = RickAndMortyExercise.app; sourceTree = BUILT_PRODUCTS_DIR; };
		B577F0FD2D6D2BE40064650D /* RickAndMortyExerciseApp.swift */ = {isa = PBXFileReference; lastKnownFileType = sourcecode.swift; path = RickAndMortyExerciseApp.swift; sourceTree = "<group>"; };
		B577F0FF2D6D2BE40064650D /* ContentView.swift */ = {isa = PBXFileReference; lastKnownFileType = sourcecode.swift; path = ContentView.swift; sourceTree = "<group>"; };
		B577F1012D6D2BE70064650D /* Assets.xcassets */ = {isa = PBXFileReference; lastKnownFileType = folder.assetcatalog; path = Assets.xcassets; sourceTree = "<group>"; };
		B577F1042D6D2BE70064650D /* Preview Assets.xcassets */ = {isa = PBXFileReference; lastKnownFileType = folder.assetcatalog; path = "Preview Assets.xcassets"; sourceTree = "<group>"; };
		B577F10A2D6D2BE80064650D /* RickAndMortyExerciseTests.xctest */ = {isa = PBXFileReference; explicitFileType = wrapper.cfbundle; includeInIndex = 0; path = RickAndMortyExerciseTests.xctest; sourceTree = BUILT_PRODUCTS_DIR; };
		B577F10E2D6D2BE80064650D /* RickAndMortyExerciseTests.swift */ = {isa = PBXFileReference; lastKnownFileType = sourcecode.swift; path = RickAndMortyExerciseTests.swift; sourceTree = "<group>"; };
		B577F1142D6D2BE80064650D /* RickAndMortyExerciseUITests.xctest */ = {isa = PBXFileReference; explicitFileType = wrapper.cfbundle; includeInIndex = 0; path = RickAndMortyExerciseUITests.xctest; sourceTree = BUILT_PRODUCTS_DIR; };
		B577F1182D6D2BE80064650D /* RickAndMortyExerciseUITests.swift */ = {isa = PBXFileReference; lastKnownFileType = sourcecode.swift; path = RickAndMortyExerciseUITests.swift; sourceTree = "<group>"; };
		B577F11A2D6D2BE80064650D /* RickAndMortyExerciseUITestsLaunchTests.swift */ = {isa = PBXFileReference; lastKnownFileType = sourcecode.swift; path = RickAndMortyExerciseUITestsLaunchTests.swift; sourceTree = "<group>"; };
		B577F1272D6D2C420064650D /* Character.swift */ = {isa = PBXFileReference; lastKnownFileType = sourcecode.swift; path = Character.swift; sourceTree = "<group>"; };
		B577F1292D6D2C5C0064650D /* CharacterService.swift */ = {isa = PBXFileReference; lastKnownFileType = sourcecode.swift; path = CharacterService.swift; sourceTree = "<group>"; };
		B577F12B2D6D2C700064650D /* CharacterViewModel.swift */ = {isa = PBXFileReference; lastKnownFileType = sourcecode.swift; path = CharacterViewModel.swift; sourceTree = "<group>"; };
		B577F12D2D6D2C880064650D /* SearchBar.swift */ = {isa = PBXFileReference; lastKnownFileType = sourcecode.swift; path = SearchBar.swift; sourceTree = "<group>"; };
		B577F12F2D6D2C9B0064650D /* CharacterDetailView.swift */ = {isa = PBXFileReference; lastKnownFileType = sourcecode.swift; path = CharacterDetailView.swift; sourceTree = "<group>"; };
/* End PBXFileReference section */

/* Begin PBXFrameworksBuildPhase section */
		B577F0F72D6D2BE40064650D /* Frameworks */ = {
			isa = PBXFrameworksBuildPhase;
			buildActionMask = 2147483647;
			files = (
			);
			runOnlyForDeploymentPostprocessing = 0;
		};
		B577F1072D6D2BE80064650D /* Frameworks */ = {
			isa = PBXFrameworksBuildPhase;
			buildActionMask = 2147483647;
			files = (
			);
			runOnlyForDeploymentPostprocessing = 0;
		};
		B577F1112D6D2BE80064650D /* Frameworks */ = {
			isa = PBXFrameworksBuildPhase;
			buildActionMask = 2147483647;
			files = (
			);
			runOnlyForDeploymentPostprocessing = 0;
		};
/* End PBXFrameworksBuildPhase section */

/* Begin PBXGroup section */
		B577F0F12D6D2BE30064650D = {
			isa = PBXGroup;
			children = (
				B577F0FC2D6D2BE40064650D /* RickAndMortyExercise */,
				B577F10D2D6D2BE80064650D /* RickAndMortyExerciseTests */,
				B577F1172D6D2BE80064650D /* RickAndMortyExerciseUITests */,
				B577F0FB2D6D2BE40064650D /* Products */,
			);
			sourceTree = "<group>";
		};
		B577F0FB2D6D2BE40064650D /* Products */ = {
			isa = PBXGroup;
			children = (
				B577F0FA2D6D2BE40064650D /* RickAndMortyExercise.app */,
				B577F10A2D6D2BE80064650D /* RickAndMortyExerciseTests.xctest */,
				B577F1142D6D2BE80064650D /* RickAndMortyExerciseUITests.xctest */,
			);
			name = Products;
			sourceTree = "<group>";
		};
		B577F0FC2D6D2BE40064650D /* RickAndMortyExercise */ = {
			isa = PBXGroup;
			children = (
				B577F0FD2D6D2BE40064650D /* RickAndMortyExerciseApp.swift */,
				B577F0FF2D6D2BE40064650D /* ContentView.swift */,
				B577F1272D6D2C420064650D /* Character.swift */,
				B577F1292D6D2C5C0064650D /* CharacterService.swift */,
				B577F12B2D6D2C700064650D /* CharacterViewModel.swift */,
				B577F12D2D6D2C880064650D /* SearchBar.swift */,
				B577F12F2D6D2C9B0064650D /* CharacterDetailView.swift */,
				B577F1012D6D2BE70064650D /* Assets.xcassets */,
				B577F1032D6D2BE70064650D /* Preview Content */,
			);
			path = RickAndMortyExercise;
			sourceTree = "<group>";
		};
		B577F1032D6D2BE70064650D /* Preview Content */ = {
			isa = PBXGroup;
			children = (
				B577F1042D6D2BE70064650D /* Preview Assets.xcassets */,
			);
			path = "Preview Content";
			sourceTree = "<group>";
		};
		B577F10D2D6D2BE80064650D /* RickAndMortyExerciseTests */ = {
			isa = PBXGroup;
			children = (
				B577F10E2D6D2BE80064650D /* RickAndMortyExerciseTests.swift */,
			);
			path = RickAndMortyExerciseTests;
			sourceTree = "<group>";
		};
		B577F1172D6D2BE80064650D /* RickAndMortyExerciseUITests */ = {
			isa = PBXGroup;
			children = (
				B577F1182D6D2BE80064650D /* RickAndMortyExerciseUITests.swift */,
				B577F11A2D6D2BE80064650D /* RickAndMortyExerciseUITestsLaunchTests.swift */,
			);
			path = RickAndMortyExerciseUITests;
			sourceTree = "<group>";
		};
/* End PBXGroup section */

/* Begin PBXNativeTarget section */
		B577F0F92D6D2BE40064650D /* RickAndMortyExercise */ = {
			isa = PBXNativeTarget;
			buildConfigurationList = B577F11E2D6D2BE80064650D /* Build configuration list for PBXNativeTarget "RickAndMortyExercise" */;
			buildPhases = (
				B577F0F62D6D2BE40064650D /* Sources */,
				B577F0F72D6D2BE40064650D /* Frameworks */,
				B577F0F82D6D2BE40064650D /* Resources */,
			);
			buildRules = (
			);
			dependencies = (
			);
			name = RickAndMortyExercise;
			productName = RickAndMortyExercise;
			productReference = B577F0FA2D6D2BE40064650D /* RickAndMortyExercise.app */;
			productType = "com.apple.product-type.application";
		};
		B577F1092D6D2BE80064650D /* RickAndMortyExerciseTests */ = {
			isa = PBXNativeTarget;
			buildConfigurationList = B577F1212D6D2BE80064650D /* Build configuration list for PBXNativeTarget "RickAndMortyExerciseTests" */;
			buildPhases = (
				B577F1062D6D2BE80064650D /* Sources */,
				B577F1072D6D2BE80064650D /* Frameworks */,
				B577F1082D6D2BE80064650D /* Resources */,
			);
			buildRules = (
			);
			dependencies = (
				B577F10C2D6D2BE80064650D /* PBXTargetDependency */,
			);
			name = RickAndMortyExerciseTests;
			productName = RickAndMortyExerciseTests;
			productReference = B577F10A2D6D2BE80064650D /* RickAndMortyExerciseTests.xctest */;
			productType = "com.apple.product-type.bundle.unit-test";
		};
		B577F1132D6D2BE80064650D /* RickAndMortyExerciseUITests */ = {
			isa = PBXNativeTarget;
			buildConfigurationList = B577F1242D6D2BE80064650D /* Build configuration list for PBXNativeTarget "RickAndMortyExerciseUITests" */;
			buildPhases = (
				B577F1102D6D2BE80064650D /* Sources */,
				B577F1112D6D2BE80064650D /* Frameworks */,
				B577F1122D6D2BE80064650D /* Resources */,
			);
			buildRules = (
			);
			dependencies = (
				B577F1162D6D2BE80064650D /* PBXTargetDependency */,
			);
			name = RickAndMortyExerciseUITests;
			productName = RickAndMortyExerciseUITests;
			productReference = B577F1142D6D2BE80064650D /* RickAndMortyExerciseUITests.xctest */;
			productType = "com.apple.product-type.bundle.ui-testing";
		};
/* End PBXNativeTarget section */

/* Begin PBXProject section */
		B577F0F22D6D2BE30064650D /* Project object */ = {
			isa = PBXProject;
			attributes = {
				BuildIndependentTargetsInParallel = 1;
				LastSwiftUpdateCheck = 1430;
				LastUpgradeCheck = 1430;
				TargetAttributes = {
					B577F0F92D6D2BE40064650D = {
						CreatedOnToolsVersion = 14.3.1;
					};
					B577F1092D6D2BE80064650D = {
						CreatedOnToolsVersion = 14.3.1;
						TestTargetID = B577F0F92D6D2BE40064650D;
					};
					B577F1132D6D2BE80064650D = {
						CreatedOnToolsVersion = 14.3.1;
						TestTargetID = B577F0F92D6D2BE40064650D;
					};
				};
			};
			buildConfigurationList = B577F0F52D6D2BE30064650D /* Build configuration list for PBXProject "RickAndMortyExercise" */;
			compatibilityVersion = "Xcode 14.0";
			developmentRegion = en;
			hasScannedForEncodings = 0;
			knownRegions = (
				en,
				Base,
			);
			mainGroup = B577F0F12D6D2BE30064650D;
			productRefGroup = B577F0FB2D6D2BE40064650D /* Products */;
			projectDirPath = "";
			projectRoot = "";
			targets = (
				B577F0F92D6D2BE40064650D /* RickAndMortyExercise */,
				B577F1092D6D2BE80064650D /* RickAndMortyExerciseTests */,
				B577F1132D6D2BE80064650D /* RickAndMortyExerciseUITests */,
			);
		};
/* End PBXProject section */

/* Begin PBXResourcesBuildPhase section */
		B577F0F82D6D2BE40064650D /* Resources */ = {
			isa = PBXResourcesBuildPhase;
			buildActionMask = 2147483647;
			files = (
				B577F1052D6D2BE70064650D /* Preview Assets.xcassets in Resources */,
				B577F1022D6D2BE70064650D /* Assets.xcassets in Resources */,
			);
			runOnlyForDeploymentPostprocessing = 0;
		};
		B577F1082D6D2BE80064650D /* Resources */ = {
			isa = PBXResourcesBuildPhase;
			buildActionMask = 2147483647;
			files = (
			);
			runOnlyForDeploymentPostprocessing = 0;
		};
		B577F1122D6D2BE80064650D /* Resources */ = {
			isa = PBXResourcesBuildPhase;
			buildActionMask = 2147483647;
			files = (
			);
			runOnlyForDeploymentPostprocessing = 0;
		};
/* End PBXResourcesBuildPhase section */

/* Begin PBXSourcesBuildPhase section */
		B577F0F62D6D2BE40064650D /* Sources */ = {
			isa = PBXSourcesBuildPhase;
			buildActionMask = 2147483647;
			files = (
				B577F1282D6D2C420064650D /* Character.swift in Sources */,
				B577F12C2D6D2C700064650D /* CharacterViewModel.swift in Sources */,
				B577F1002D6D2BE40064650D /* ContentView.swift in Sources */,
				B577F1302D6D2C9B0064650D /* CharacterDetailView.swift in Sources */,
				B577F0FE2D6D2BE40064650D /* RickAndMortyExerciseApp.swift in Sources */,
				B577F12A2D6D2C5C0064650D /* CharacterService.swift in Sources */,
				B577F12E2D6D2C880064650D /* SearchBar.swift in Sources */,
			);
			runOnlyForDeploymentPostprocessing = 0;
		};
		B577F1062D6D2BE80064650D /* Sources */ = {
			isa = PBXSourcesBuildPhase;
			buildActionMask = 2147483647;
			files = (
				B577F10F2D6D2BE80064650D /* RickAndMortyExerciseTests.swift in Sources */,
			);
			runOnlyForDeploymentPostprocessing = 0;
		};
		B577F1102D6D2BE80064650D /* Sources */ = {
			isa = PBXSourcesBuildPhase;
			buildActionMask = 2147483647;
			files = (
				B577F1192D6D2BE80064650D /* RickAndMortyExerciseUITests.swift in Sources */,
				B577F11B2D6D2BE80064650D /* RickAndMortyExerciseUITestsLaunchTests.swift in Sources */,
			);
			runOnlyForDeploymentPostprocessing = 0;
		};
/* End PBXSourcesBuildPhase section */

/* Begin PBXTargetDependency section */
		B577F10C2D6D2BE80064650D /* PBXTargetDependency */ = {
			isa = PBXTargetDependency;
			target = B577F0F92D6D2BE40064650D /* RickAndMortyExercise */;
			targetProxy = B577F10B2D6D2BE80064650D /* PBXContainerItemProxy */;
		};
		B577F1162D6D2BE80064650D /* PBXTargetDependency */ = {
			isa = PBXTargetDependency;
			target = B577F0F92D6D2BE40064650D /* RickAndMortyExercise */;
			targetProxy = B577F1152D6D2BE80064650D /* PBXContainerItemProxy */;
		};
/* End PBXTargetDependency section */

/* Begin XCBuildConfiguration section */
		B577F11C2D6D2BE80064650D /* Debug */ = {
			isa = XCBuildConfiguration;
			buildSettings = {
				ALWAYS_SEARCH_USER_PATHS = NO;
				CLANG_ANALYZER_NONNULL = YES;
				CLANG_ANALYZER_NUMBER_OBJECT_CONVERSION = YES_AGGRESSIVE;
				CLANG_CXX_LANGUAGE_STANDARD = "gnu++20";
				CLANG_ENABLE_MODULES = YES;
				CLANG_ENABLE_OBJC_ARC = YES;
				CLANG_ENABLE_OBJC_WEAK = YES;
				CLANG_WARN_BLOCK_CAPTURE_AUTORELEASING = YES;
				CLANG_WARN_BOOL_CONVERSION = YES;
				CLANG_WARN_COMMA = YES;
				CLANG_WARN_CONSTANT_CONVERSION = YES;
				CLANG_WARN_DEPRECATED_OBJC_IMPLEMENTATIONS = YES;
				CLANG_WARN_DIRECT_OBJC_ISA_USAGE = YES_ERROR;
				CLANG_WARN_DOCUMENTATION_COMMENTS = YES;
				CLANG_WARN_EMPTY_BODY = YES;
				CLANG_WARN_ENUM_CONVERSION = YES;
				CLANG_WARN_INFINITE_RECURSION = YES;
				CLANG_WARN_INT_CONVERSION = YES;
				CLANG_WARN_NON_LITERAL_NULL_CONVERSION = YES;
				CLANG_WARN_OBJC_IMPLICIT_RETAIN_SELF = YES;
				CLANG_WARN_OBJC_LITERAL_CONVERSION = YES;
				CLANG_WARN_OBJC_ROOT_CLASS = YES_ERROR;
				CLANG_WARN_QUOTED_INCLUDE_IN_FRAMEWORK_HEADER = YES;
				CLANG_WARN_RANGE_LOOP_ANALYSIS = YES;
				CLANG_WARN_STRICT_PROTOTYPES = YES;
				CLANG_WARN_SUSPICIOUS_MOVE = YES;
				CLANG_WARN_UNGUARDED_AVAILABILITY = YES_AGGRESSIVE;
				CLANG_WARN_UNREACHABLE_CODE = YES;
				CLANG_WARN__DUPLICATE_METHOD_MATCH = YES;
				COPY_PHASE_STRIP = NO;
				DEBUG_INFORMATION_FORMAT = dwarf;
				ENABLE_STRICT_OBJC_MSGSEND = YES;
				ENABLE_TESTABILITY = YES;
				GCC_C_LANGUAGE_STANDARD = gnu11;
				GCC_DYNAMIC_NO_PIC = NO;
				GCC_NO_COMMON_BLOCKS = YES;
				GCC_OPTIMIZATION_LEVEL = 0;
				GCC_PREPROCESSOR_DEFINITIONS = (
					"DEBUG=1",
					"$(inherited)",
				);
				GCC_WARN_64_TO_32_BIT_CONVERSION = YES;
				GCC_WARN_ABOUT_RETURN_TYPE = YES_ERROR;
				GCC_WARN_UNDECLARED_SELECTOR = YES;
				GCC_WARN_UNINITIALIZED_AUTOS = YES_AGGRESSIVE;
				GCC_WARN_UNUSED_FUNCTION = YES;
				GCC_WARN_UNUSED_VARIABLE = YES;
				IPHONEOS_DEPLOYMENT_TARGET = 16.4;
				MTL_ENABLE_DEBUG_INFO = INCLUDE_SOURCE;
				MTL_FAST_MATH = YES;
				ONLY_ACTIVE_ARCH = YES;
				SDKROOT = iphoneos;
				SWIFT_ACTIVE_COMPILATION_CONDITIONS = DEBUG;
				SWIFT_OPTIMIZATION_LEVEL = "-Onone";
			};
			name = Debug;
		};
		B577F11D2D6D2BE80064650D /* Release */ = {
			isa = XCBuildConfiguration;
			buildSettings = {
				ALWAYS_SEARCH_USER_PATHS = NO;
				CLANG_ANALYZER_NONNULL = YES;
				CLANG_ANALYZER_NUMBER_OBJECT_CONVERSION = YES_AGGRESSIVE;
				CLANG_CXX_LANGUAGE_STANDARD = "gnu++20";
				CLANG_ENABLE_MODULES = YES;
				CLANG_ENABLE_OBJC_ARC = YES;
				CLANG_ENABLE_OBJC_WEAK = YES;
				CLANG_WARN_BLOCK_CAPTURE_AUTORELEASING = YES;
				CLANG_WARN_BOOL_CONVERSION = YES;
				CLANG_WARN_COMMA = YES;
				CLANG_WARN_CONSTANT_CONVERSION = YES;
				CLANG_WARN_DEPRECATED_OBJC_IMPLEMENTATIONS = YES;
				CLANG_WARN_DIRECT_OBJC_ISA_USAGE = YES_ERROR;
				CLANG_WARN_DOCUMENTATION_COMMENTS = YES;
				CLANG_WARN_EMPTY_BODY = YES;
				CLANG_WARN_ENUM_CONVERSION = YES;
				CLANG_WARN_INFINITE_RECURSION = YES;
				CLANG_WARN_INT_CONVERSION = YES;
				CLANG_WARN_NON_LITERAL_NULL_CONVERSION = YES;
				CLANG_WARN_OBJC_IMPLICIT_RETAIN_SELF = YES;
				CLANG_WARN_OBJC_LITERAL_CONVERSION = YES;
				CLANG_WARN_OBJC_ROOT_CLASS = YES_ERROR;
				CLANG_WARN_QUOTED_INCLUDE_IN_FRAMEWORK_HEADER = YES;
				CLANG_WARN_RANGE_LOOP_ANALYSIS = YES;
				CLANG_WARN_STRICT_PROTOTYPES = YES;
				CLANG_WARN_SUSPICIOUS_MOVE = YES;
				CLANG_WARN_UNGUARDED_AVAILABILITY = YES_AGGRESSIVE;
				CLANG_WARN_UNREACHABLE_CODE = YES;
				CLANG_WARN__DUPLICATE_METHOD_MATCH = YES;
				COPY_PHASE_STRIP = NO;
				DEBUG_INFORMATION_FORMAT = "dwarf-with-dsym";
				ENABLE_NS_ASSERTIONS = NO;
				ENABLE_STRICT_OBJC_MSGSEND = YES;
				GCC_C_LANGUAGE_STANDARD = gnu11;
				GCC_NO_COMMON_BLOCKS = YES;
				GCC_WARN_64_TO_32_BIT_CONVERSION = YES;
				GCC_WARN_ABOUT_RETURN_TYPE = YES_ERROR;
				GCC_WARN_UNDECLARED_SELECTOR = YES;
				GCC_WARN_UNINITIALIZED_AUTOS = YES_AGGRESSIVE;
				GCC_WARN_UNUSED_FUNCTION = YES;
				GCC_WARN_UNUSED_VARIABLE = YES;
				IPHONEOS_DEPLOYMENT_TARGET = 16.4;
				MTL_ENABLE_DEBUG_INFO = NO;
				MTL_FAST_MATH = YES;
				SDKROOT = iphoneos;
				SWIFT_COMPILATION_MODE = wholemodule;
				SWIFT_OPTIMIZATION_LEVEL = "-O";
				VALIDATE_PRODUCT = YES;
			};
			name = Release;
		};
		B577F11F2D6D2BE80064650D /* Debug */ = {
			isa = XCBuildConfiguration;
			buildSettings = {
				ASSETCATALOG_COMPILER_APPICON_NAME = AppIcon;
				ASSETCATALOG_COMPILER_GLOBAL_ACCENT_COLOR_NAME = AccentColor;
				CODE_SIGN_STYLE = Automatic;
				CURRENT_PROJECT_VERSION = 1;
				DEVELOPMENT_ASSET_PATHS = "\"RickAndMortyExercise/Preview Content\"";
				DEVELOPMENT_TEAM = 343NX53M5H;
				ENABLE_PREVIEWS = YES;
				GENERATE_INFOPLIST_FILE = YES;
				INFOPLIST_KEY_UIApplicationSceneManifest_Generation = YES;
				INFOPLIST_KEY_UIApplicationSupportsIndirectInputEvents = YES;
				INFOPLIST_KEY_UILaunchScreen_Generation = YES;
				INFOPLIST_KEY_UISupportedInterfaceOrientations_iPad = "UIInterfaceOrientationPortrait UIInterfaceOrientationPortraitUpsideDown UIInterfaceOrientationLandscapeLeft UIInterfaceOrientationLandscapeRight";
				INFOPLIST_KEY_UISupportedInterfaceOrientations_iPhone = "UIInterfaceOrientationPortrait UIInterfaceOrientationLandscapeLeft UIInterfaceOrientationLandscapeRight";
				LD_RUNPATH_SEARCH_PATHS = (
					"$(inherited)",
					"@executable_path/Frameworks",
				);
				MARKETING_VERSION = 1.0;
				PRODUCT_BUNDLE_IDENTIFIER = com.NerdInventions.RickAndMortyExercise;
				PRODUCT_NAME = "$(TARGET_NAME)";
				SWIFT_EMIT_LOC_STRINGS = YES;
				SWIFT_VERSION = 5.0;
				TARGETED_DEVICE_FAMILY = "1,2";
			};
			name = Debug;
		};
		B577F1202D6D2BE80064650D /* Release */ = {
			isa = XCBuildConfiguration;
			buildSettings = {
				ASSETCATALOG_COMPILER_APPICON_NAME = AppIcon;
				ASSETCATALOG_COMPILER_GLOBAL_ACCENT_COLOR_NAME = AccentColor;
				CODE_SIGN_STYLE = Automatic;
				CURRENT_PROJECT_VERSION = 1;
				DEVELOPMENT_ASSET_PATHS = "\"RickAndMortyExercise/Preview Content\"";
				DEVELOPMENT_TEAM = 343NX53M5H;
				ENABLE_PREVIEWS = YES;
				GENERATE_INFOPLIST_FILE = YES;
				INFOPLIST_KEY_UIApplicationSceneManifest_Generation = YES;
				INFOPLIST_KEY_UIApplicationSupportsIndirectInputEvents = YES;
				INFOPLIST_KEY_UILaunchScreen_Generation = YES;
				INFOPLIST_KEY_UISupportedInterfaceOrientations_iPad = "UIInterfaceOrientationPortrait UIInterfaceOrientationPortraitUpsideDown UIInterfaceOrientationLandscapeLeft UIInterfaceOrientationLandscapeRight";
				INFOPLIST_KEY_UISupportedInterfaceOrientations_iPhone = "UIInterfaceOrientationPortrait UIInterfaceOrientationLandscapeLeft UIInterfaceOrientationLandscapeRight";
				LD_RUNPATH_SEARCH_PATHS = (
					"$(inherited)",
					"@executable_path/Frameworks",
				);
				MARKETING_VERSION = 1.0;
				PRODUCT_BUNDLE_IDENTIFIER = com.NerdInventions.RickAndMortyExercise;
				PRODUCT_NAME = "$(TARGET_NAME)";
				SWIFT_EMIT_LOC_STRINGS = YES;
				SWIFT_VERSION = 5.0;
				TARGETED_DEVICE_FAMILY = "1,2";
			};
			name = Release;
		};
		B577F1222D6D2BE80064650D /* Debug */ = {
			isa = XCBuildConfiguration;
			buildSettings = {
				ALWAYS_EMBED_SWIFT_STANDARD_LIBRARIES = YES;
				BUNDLE_LOADER = "$(TEST_HOST)";
				CODE_SIGN_STYLE = Automatic;
				CURRENT_PROJECT_VERSION = 1;
				DEVELOPMENT_TEAM = 343NX53M5H;
				GENERATE_INFOPLIST_FILE = YES;
				IPHONEOS_DEPLOYMENT_TARGET = 16.4;
				MARKETING_VERSION = 1.0;
				PRODUCT_BUNDLE_IDENTIFIER = com.NerdInventions.RickAndMortyExerciseTests;
				PRODUCT_NAME = "$(TARGET_NAME)";
				SWIFT_EMIT_LOC_STRINGS = NO;
				SWIFT_VERSION = 5.0;
				TARGETED_DEVICE_FAMILY = "1,2";
				TEST_HOST = "$(BUILT_PRODUCTS_DIR)/RickAndMortyExercise.app/$(BUNDLE_EXECUTABLE_FOLDER_PATH)/RickAndMortyExercise";
			};
			name = Debug;
		};
		B577F1232D6D2BE80064650D /* Release */ = {
			isa = XCBuildConfiguration;
			buildSettings = {
				ALWAYS_EMBED_SWIFT_STANDARD_LIBRARIES = YES;
				BUNDLE_LOADER = "$(TEST_HOST)";
				CODE_SIGN_STYLE = Automatic;
				CURRENT_PROJECT_VERSION = 1;
				DEVELOPMENT_TEAM = 343NX53M5H;
				GENERATE_INFOPLIST_FILE = YES;
				IPHONEOS_DEPLOYMENT_TARGET = 16.4;
				MARKETING_VERSION = 1.0;
				PRODUCT_BUNDLE_IDENTIFIER = com.NerdInventions.RickAndMortyExerciseTests;
				PRODUCT_NAME = "$(TARGET_NAME)";
				SWIFT_EMIT_LOC_STRINGS = NO;
				SWIFT_VERSION = 5.0;
				TARGETED_DEVICE_FAMILY = "1,2";
				TEST_HOST = "$(BUILT_PRODUCTS_DIR)/RickAndMortyExercise.app/$(BUNDLE_EXECUTABLE_FOLDER_PATH)/RickAndMortyExercise";
			};
			name = Release;
		};
		B577F1252D6D2BE80064650D /* Debug */ = {
			isa = XCBuildConfiguration;
			buildSettings = {
				ALWAYS_EMBED_SWIFT_STANDARD_LIBRARIES = YES;
				CODE_SIGN_STYLE = Automatic;
				CURRENT_PROJECT_VERSION = 1;
				DEVELOPMENT_TEAM = 343NX53M5H;
				GENERATE_INFOPLIST_FILE = YES;
				MARKETING_VERSION = 1.0;
				PRODUCT_BUNDLE_IDENTIFIER = com.NerdInventions.RickAndMortyExerciseUITests;
				PRODUCT_NAME = "$(TARGET_NAME)";
				SWIFT_EMIT_LOC_STRINGS = NO;
				SWIFT_VERSION = 5.0;
				TARGETED_DEVICE_FAMILY = "1,2";
				TEST_TARGET_NAME = RickAndMortyExercise;
			};
			name = Debug;
		};
		B577F1262D6D2BE80064650D /* Release */ = {
			isa = XCBuildConfiguration;
			buildSettings = {
				ALWAYS_EMBED_SWIFT_STANDARD_LIBRARIES = YES;
				CODE_SIGN_STYLE = Automatic;
				CURRENT_PROJECT_VERSION = 1;
				DEVELOPMENT_TEAM = 343NX53M5H;
				GENERATE_INFOPLIST_FILE = YES;
				MARKETING_VERSION = 1.0;
				PRODUCT_BUNDLE_IDENTIFIER = com.NerdInventions.RickAndMortyExerciseUITests;
				PRODUCT_NAME = "$(TARGET_NAME)";
				SWIFT_EMIT_LOC_STRINGS = NO;
				SWIFT_VERSION = 5.0;
				TARGETED_DEVICE_FAMILY = "1,2";
				TEST_TARGET_NAME = RickAndMortyExercise;
			};
			name = Release;
		};
/* End XCBuildConfiguration section */

/* Begin XCConfigurationList section */
		B577F0F52D6D2BE30064650D /* Build configuration list for PBXProject "RickAndMortyExercise" */ = {
			isa = XCConfigurationList;
			buildConfigurations = (
				B577F11C2D6D2BE80064650D /* Debug */,
				B577F11D2D6D2BE80064650D /* Release */,
			);
			defaultConfigurationIsVisible = 0;
			defaultConfigurationName = Release;
		};
		B577F11E2D6D2BE80064650D /* Build configuration list for PBXNativeTarget "RickAndMortyExercise" */ = {
			isa = XCConfigurationList;
			buildConfigurations = (
				B577F11F2D6D2BE80064650D /* Debug */,
				B577F1202D6D2BE80064650D /* Release */,
			);
			defaultConfigurationIsVisible = 0;
			defaultConfigurationName = Release;
		};
		B577F1212D6D2BE80064650D /* Build configuration list for PBXNativeTarget "RickAndMortyExerciseTests" */ = {
			isa = XCConfigurationList;
			buildConfigurations = (
				B577F1222D6D2BE80064650D /* Debug */,
				B577F1232D6D2BE80064650D /* Release */,
			);
			defaultConfigurationIsVisible = 0;
			defaultConfigurationName = Release;
		};
		B577F1242D6D2BE80064650D /* Build configuration list for PBXNativeTarget "RickAndMortyExerciseUITests" */ = {
			isa = XCConfigurationList;
			buildConfigurations = (
				B577F1252D6D2BE80064650D /* Debug */,
				B577F1262D6D2BE80064650D /* Release */,
			);
			defaultConfigurationIsVisible = 0;
			defaultConfigurationName = Release;
		};
/* End XCConfigurationList section */
	};
	rootObject = B577F0F22D6D2BE30064650D /* Project object */;
}
